// !$*UTF8*$!
{
	archiveVersion = 1;
	classes = {
	};
	objectVersion = 50;
	objects = {

/* Begin PBXBuildFile section */
		1AF34826216B821000497525 /* AppDelegate.swift in Sources */ = {isa = PBXBuildFile; fileRef = 1AF34825216B821000497525 /* AppDelegate.swift */; };
		1AF34828216B821000497525 /* ViewController.swift in Sources */ = {isa = PBXBuildFile; fileRef = 1AF34827216B821000497525 /* ViewController.swift */; };
		1AF3482B216B821000497525 /* Main.storyboard in Resources */ = {isa = PBXBuildFile; fileRef = 1AF34829216B821000497525 /* Main.storyboard */; };
		1AF3482E216B821000497525 /* TryNotification.xcdatamodeld in Sources */ = {isa = PBXBuildFile; fileRef = 1AF3482C216B821000497525 /* TryNotification.xcdatamodeld */; };
		1AF34830216B821100497525 /* Assets.xcassets in Resources */ = {isa = PBXBuildFile; fileRef = 1AF3482F216B821100497525 /* Assets.xcassets */; };
		1AF34833216B821100497525 /* LaunchScreen.storyboard in Resources */ = {isa = PBXBuildFile; fileRef = 1AF34831216B821100497525 /* LaunchScreen.storyboard */; };
		1AF3483E216B821100497525 /* TryNotificationTests.swift in Sources */ = {isa = PBXBuildFile; fileRef = 1AF3483D216B821100497525 /* TryNotificationTests.swift */; };
		1AF34849216B821100497525 /* TryNotificationUITests.swift in Sources */ = {isa = PBXBuildFile; fileRef = 1AF34848216B821100497525 /* TryNotificationUITests.swift */; };
/* End PBXBuildFile section */

/* Begin PBXContainerItemProxy section */
		1AF3483A216B821100497525 /* PBXContainerItemProxy */ = {
			isa = PBXContainerItemProxy;
			containerPortal = 1AF3481A216B821000497525 /* Project object */;
			proxyType = 1;
			remoteGlobalIDString = 1AF34821216B821000497525;
			remoteInfo = TryNotification;
		};
		1AF34845216B821100497525 /* PBXContainerItemProxy */ = {
			isa = PBXContainerItemProxy;
			containerPortal = 1AF3481A216B821000497525 /* Project object */;
			proxyType = 1;
			remoteGlobalIDString = 1AF34821216B821000497525;
			remoteInfo = TryNotification;
		};
/* End PBXContainerItemProxy section */

/* Begin PBXFileReference section */
		1AF34822216B821000497525 /* TryNotification.app */ = {isa = PBXFileReference; explicitFileType = wrapper.application; includeInIndex = 0; path = TryNotification.app; sourceTree = BUILT_PRODUCTS_DIR; };
		1AF34825216B821000497525 /* AppDelegate.swift */ = {isa = PBXFileReference; lastKnownFileType = sourcecode.swift; path = AppDelegate.swift; sourceTree = "<group>"; };
		1AF34827216B821000497525 /* ViewController.swift */ = {isa = PBXFileReference; lastKnownFileType = sourcecode.swift; path = ViewController.swift; sourceTree = "<group>"; };
		1AF3482A216B821000497525 /* Base */ = {isa = PBXFileReference; lastKnownFileType = file.storyboard; name = Base; path = Base.lproj/Main.storyboard; sourceTree = "<group>"; };
		1AF3482D216B821000497525 /* TryNotification.xcdatamodel */ = {isa = PBXFileReference; lastKnownFileType = wrapper.xcdatamodel; path = TryNotification.xcdatamodel; sourceTree = "<group>"; };
		1AF3482F216B821100497525 /* Assets.xcassets */ = {isa = PBXFileReference; lastKnownFileType = folder.assetcatalog; path = Assets.xcassets; sourceTree = "<group>"; };
		1AF34832216B821100497525 /* Base */ = {isa = PBXFileReference; lastKnownFileType = file.storyboard; name = Base; path = Base.lproj/LaunchScreen.storyboard; sourceTree = "<group>"; };
		1AF34834216B821100497525 /* Info.plist */ = {isa = PBXFileReference; lastKnownFileType = text.plist.xml; path = Info.plist; sourceTree = "<group>"; };
		1AF34839216B821100497525 /* TryNotificationTests.xctest */ = {isa = PBXFileReference; explicitFileType = wrapper.cfbundle; includeInIndex = 0; path = TryNotificationTests.xctest; sourceTree = BUILT_PRODUCTS_DIR; };
		1AF3483D216B821100497525 /* TryNotificationTests.swift */ = {isa = PBXFileReference; lastKnownFileType = sourcecode.swift; path = TryNotificationTests.swift; sourceTree = "<group>"; };
		1AF3483F216B821100497525 /* Info.plist */ = {isa = PBXFileReference; lastKnownFileType = text.plist.xml; path = Info.plist; sourceTree = "<group>"; };
		1AF34844216B821100497525 /* TryNotificationUITests.xctest */ = {isa = PBXFileReference; explicitFileType = wrapper.cfbundle; includeInIndex = 0; path = TryNotificationUITests.xctest; sourceTree = BUILT_PRODUCTS_DIR; };
		1AF34848216B821100497525 /* TryNotificationUITests.swift */ = {isa = PBXFileReference; lastKnownFileType = sourcecode.swift; path = TryNotificationUITests.swift; sourceTree = "<group>"; };
		1AF3484A216B821100497525 /* Info.plist */ = {isa = PBXFileReference; lastKnownFileType = text.plist.xml; path = Info.plist; sourceTree = "<group>"; };
/* End PBXFileReference section */

/* Begin PBXFrameworksBuildPhase section */
		1AF3481F216B821000497525 /* Frameworks */ = {
			isa = PBXFrameworksBuildPhase;
			buildActionMask = 2147483647;
			files = (
			);
			runOnlyForDeploymentPostprocessing = 0;
		};
		1AF34836216B821100497525 /* Frameworks */ = {
			isa = PBXFrameworksBuildPhase;
			buildActionMask = 2147483647;
			files = (
			);
			runOnlyForDeploymentPostprocessing = 0;
		};
		1AF34841216B821100497525 /* Frameworks */ = {
			isa = PBXFrameworksBuildPhase;
			buildActionMask = 2147483647;
			files = (
			);
			runOnlyForDeploymentPostprocessing = 0;
		};
/* End PBXFrameworksBuildPhase section */

/* Begin PBXGroup section */
		1AF34819216B821000497525 = {
			isa = PBXGroup;
			children = (
				1AF34824216B821000497525 /* TryNotification */,
				1AF3483C216B821100497525 /* TryNotificationTests */,
				1AF34847216B821100497525 /* TryNotificationUITests */,
				1AF34823216B821000497525 /* Products */,
			);
			sourceTree = "<group>";
		};
		1AF34823216B821000497525 /* Products */ = {
			isa = PBXGroup;
			children = (
				1AF34822216B821000497525 /* TryNotification.app */,
				1AF34839216B821100497525 /* TryNotificationTests.xctest */,
				1AF34844216B821100497525 /* TryNotificationUITests.xctest */,
			);
			name = Products;
			sourceTree = "<group>";
		};
		1AF34824216B821000497525 /* TryNotification */ = {
			isa = PBXGroup;
			children = (
				1AF34825216B821000497525 /* AppDelegate.swift */,
				1AF34827216B821000497525 /* ViewController.swift */,
				1AF34829216B821000497525 /* Main.storyboard */,
				1AF3482F216B821100497525 /* Assets.xcassets */,
				1AF34831216B821100497525 /* LaunchScreen.storyboard */,
				1AF34834216B821100497525 /* Info.plist */,
				1AF3482C216B821000497525 /* TryNotification.xcdatamodeld */,
			);
			path = TryNotification;
			sourceTree = "<group>";
		};
		1AF3483C216B821100497525 /* TryNotificationTests */ = {
			isa = PBXGroup;
			children = (
				1AF3483D216B821100497525 /* TryNotificationTests.swift */,
				1AF3483F216B821100497525 /* Info.plist */,
			);
			path = TryNotificationTests;
			sourceTree = "<group>";
		};
		1AF34847216B821100497525 /* TryNotificationUITests */ = {
			isa = PBXGroup;
			children = (
				1AF34848216B821100497525 /* TryNotificationUITests.swift */,
				1AF3484A216B821100497525 /* Info.plist */,
			);
			path = TryNotificationUITests;
			sourceTree = "<group>";
		};
/* End PBXGroup section */

/* Begin PBXNativeTarget section */
		1AF34821216B821000497525 /* TryNotification */ = {
			isa = PBXNativeTarget;
			buildConfigurationList = 1AF3484D216B821100497525 /* Build configuration list for PBXNativeTarget "TryNotification" */;
			buildPhases = (
				1AF3481E216B821000497525 /* Sources */,
				1AF3481F216B821000497525 /* Frameworks */,
				1AF34820216B821000497525 /* Resources */,
			);
			buildRules = (
			);
			dependencies = (
			);
			name = TryNotification;
			productName = TryNotification;
			productReference = 1AF34822216B821000497525 /* TryNotification.app */;
			productType = "com.apple.product-type.application";
		};
		1AF34838216B821100497525 /* TryNotificationTests */ = {
			isa = PBXNativeTarget;
			buildConfigurationList = 1AF34850216B821100497525 /* Build configuration list for PBXNativeTarget "TryNotificationTests" */;
			buildPhases = (
				1AF34835216B821100497525 /* Sources */,
				1AF34836216B821100497525 /* Frameworks */,
				1AF34837216B821100497525 /* Resources */,
			);
			buildRules = (
			);
			dependencies = (
				1AF3483B216B821100497525 /* PBXTargetDependency */,
			);
			name = TryNotificationTests;
			productName = TryNotificationTests;
			productReference = 1AF34839216B821100497525 /* TryNotificationTests.xctest */;
			productType = "com.apple.product-type.bundle.unit-test";
		};
		1AF34843216B821100497525 /* TryNotificationUITests */ = {
			isa = PBXNativeTarget;
			buildConfigurationList = 1AF34853216B821100497525 /* Build configuration list for PBXNativeTarget "TryNotificationUITests" */;
			buildPhases = (
				1AF34840216B821100497525 /* Sources */,
				1AF34841216B821100497525 /* Frameworks */,
				1AF34842216B821100497525 /* Resources */,
			);
			buildRules = (
			);
			dependencies = (
				1AF34846216B821100497525 /* PBXTargetDependency */,
			);
			name = TryNotificationUITests;
			productName = TryNotificationUITests;
			productReference = 1AF34844216B821100497525 /* TryNotificationUITests.xctest */;
			productType = "com.apple.product-type.bundle.ui-testing";
		};
/* End PBXNativeTarget section */

/* Begin PBXProject section */
		1AF3481A216B821000497525 /* Project object */ = {
			isa = PBXProject;
			attributes = {
				LastSwiftUpdateCheck = 1000;
				LastUpgradeCheck = 1000;
				ORGANIZATIONNAME = "Alcides Junior";
				TargetAttributes = {
					1AF34821216B821000497525 = {
						CreatedOnToolsVersion = 10.0;
					};
					1AF34838216B821100497525 = {
						CreatedOnToolsVersion = 10.0;
						TestTargetID = 1AF34821216B821000497525;
					};
					1AF34843216B821100497525 = {
						CreatedOnToolsVersion = 10.0;
						TestTargetID = 1AF34821216B821000497525;
					};
				};
			};
			buildConfigurationList = 1AF3481D216B821000497525 /* Build configuration list for PBXProject "TryNotification" */;
			compatibilityVersion = "Xcode 9.3";
			developmentRegion = en;
			hasScannedForEncodings = 0;
			knownRegions = (
				en,
				Base,
			);
			mainGroup = 1AF34819216B821000497525;
			productRefGroup = 1AF34823216B821000497525 /* Products */;
			projectDirPath = "";
			projectRoot = "";
			targets = (
				1AF34821216B821000497525 /* TryNotification */,
				1AF34838216B821100497525 /* TryNotificationTests */,
				1AF34843216B821100497525 /* TryNotificationUITests */,
			);
		};
/* End PBXProject section */

/* Begin PBXResourcesBuildPhase section */
		1AF34820216B821000497525 /* Resources */ = {
			isa = PBXResourcesBuildPhase;
			buildActionMask = 2147483647;
			files = (
				1AF34833216B821100497525 /* LaunchScreen.storyboard in Resources */,
				1AF34830216B821100497525 /* Assets.xcassets in Resources */,
				1AF3482B216B821000497525 /* Main.storyboard in Resources */,
			);
			runOnlyForDeploymentPostprocessing = 0;
		};
		1AF34837216B821100497525 /* Resources */ = {
			isa = PBXResourcesBuildPhase;
			buildActionMask = 2147483647;
			files = (
			);
			runOnlyForDeploymentPostprocessing = 0;
		};
		1AF34842216B821100497525 /* Resources */ = {
			isa = PBXResourcesBuildPhase;
			buildActionMask = 2147483647;
			files = (
			);
			runOnlyForDeploymentPostprocessing = 0;
		};
/* End PBXResourcesBuildPhase section */

/* Begin PBXSourcesBuildPhase section */
		1AF3481E216B821000497525 /* Sources */ = {
			isa = PBXSourcesBuildPhase;
			buildActionMask = 2147483647;
			files = (
				1AF34828216B821000497525 /* ViewController.swift in Sources */,
				1AF3482E216B821000497525 /* TryNotification.xcdatamodeld in Sources */,
				1AF34826216B821000497525 /* AppDelegate.swift in Sources */,
			);
			runOnlyForDeploymentPostprocessing = 0;
		};
		1AF34835216B821100497525 /* Sources */ = {
			isa = PBXSourcesBuildPhase;
			buildActionMask = 2147483647;
			files = (
				1AF3483E216B821100497525 /* TryNotificationTests.swift in Sources */,
			);
			runOnlyForDeploymentPostprocessing = 0;
		};
		1AF34840216B821100497525 /* Sources */ = {
			isa = PBXSourcesBuildPhase;
			buildActionMask = 2147483647;
			files = (
				1AF34849216B821100497525 /* TryNotificationUITests.swift in Sources */,
			);
			runOnlyForDeploymentPostprocessing = 0;
		};
/* End PBXSourcesBuildPhase section */

/* Begin PBXTargetDependency section */
		1AF3483B216B821100497525 /* PBXTargetDependency */ = {
			isa = PBXTargetDependency;
			target = 1AF34821216B821000497525 /* TryNotification */;
			targetProxy = 1AF3483A216B821100497525 /* PBXContainerItemProxy */;
		};
		1AF34846216B821100497525 /* PBXTargetDependency */ = {
			isa = PBXTargetDependency;
			target = 1AF34821216B821000497525 /* TryNotification */;
			targetProxy = 1AF34845216B821100497525 /* PBXContainerItemProxy */;
		};
/* End PBXTargetDependency section */

/* Begin PBXVariantGroup section */
		1AF34829216B821000497525 /* Main.storyboard */ = {
			isa = PBXVariantGroup;
			children = (
				1AF3482A216B821000497525 /* Base */,
			);
			name = Main.storyboard;
			sourceTree = "<group>";
		};
		1AF34831216B821100497525 /* LaunchScreen.storyboard */ = {
			isa = PBXVariantGroup;
			children = (
				1AF34832216B821100497525 /* Base */,
			);
			name = LaunchScreen.storyboard;
			sourceTree = "<group>";
		};
/* End PBXVariantGroup section */

/* Begin XCBuildConfiguration section */
		1AF3484B216B821100497525 /* Debug */ = {
			isa = XCBuildConfiguration;
			buildSettings = {
				ALWAYS_SEARCH_USER_PATHS = NO;
				CLANG_ANALYZER_NONNULL = YES;
				CLANG_ANALYZER_NUMBER_OBJECT_CONVERSION = YES_AGGRESSIVE;
				CLANG_CXX_LANGUAGE_STANDARD = "gnu++14";
				CLANG_CXX_LIBRARY = "libc++";
				CLANG_ENABLE_MODULES = YES;
				CLANG_ENABLE_OBJC_ARC = YES;
				CLANG_ENABLE_OBJC_WEAK = YES;
				CLANG_WARN_BLOCK_CAPTURE_AUTORELEASING = YES;
				CLANG_WARN_BOOL_CONVERSION = YES;
				CLANG_WARN_COMMA = YES;
				CLANG_WARN_CONSTANT_CONVERSION = YES;
				CLANG_WARN_DEPRECATED_OBJC_IMPLEMENTATIONS = YES;
				CLANG_WARN_DIRECT_OBJC_ISA_USAGE = YES_ERROR;
				CLANG_WARN_DOCUMENTATION_COMMENTS = YES;
				CLANG_WARN_EMPTY_BODY = YES;
				CLANG_WARN_ENUM_CONVERSION = YES;
				CLANG_WARN_INFINITE_RECURSION = YES;
				CLANG_WARN_INT_CONVERSION = YES;
				CLANG_WARN_NON_LITERAL_NULL_CONVERSION = YES;
				CLANG_WARN_OBJC_IMPLICIT_RETAIN_SELF = YES;
				CLANG_WARN_OBJC_LITERAL_CONVERSION = YES;
				CLANG_WARN_OBJC_ROOT_CLASS = YES_ERROR;
				CLANG_WARN_RANGE_LOOP_ANALYSIS = YES;
				CLANG_WARN_STRICT_PROTOTYPES = YES;
				CLANG_WARN_SUSPICIOUS_MOVE = YES;
				CLANG_WARN_UNGUARDED_AVAILABILITY = YES_AGGRESSIVE;
				CLANG_WARN_UNREACHABLE_CODE = YES;
				CLANG_WARN__DUPLICATE_METHOD_MATCH = YES;
				CODE_SIGN_IDENTITY = "iPhone Developer";
				COPY_PHASE_STRIP = NO;
				DEBUG_INFORMATION_FORMAT = dwarf;
				ENABLE_STRICT_OBJC_MSGSEND = YES;
				ENABLE_TESTABILITY = YES;
				GCC_C_LANGUAGE_STANDARD = gnu11;
				GCC_DYNAMIC_NO_PIC = NO;
				GCC_NO_COMMON_BLOCKS = YES;
				GCC_OPTIMIZATION_LEVEL = 0;
				GCC_PREPROCESSOR_DEFINITIONS = (
					"DEBUG=1",
					"$(inherited)",
				);
				GCC_WARN_64_TO_32_BIT_CONVERSION = YES;
				GCC_WARN_ABOUT_RETURN_TYPE = YES_ERROR;
				GCC_WARN_UNDECLARED_SELECTOR = YES;
				GCC_WARN_UNINITIALIZED_AUTOS = YES_AGGRESSIVE;
				GCC_WARN_UNUSED_FUNCTION = YES;
				GCC_WARN_UNUSED_VARIABLE = YES;
				IPHONEOS_DEPLOYMENT_TARGET = 12.0;
				MTL_ENABLE_DEBUG_INFO = INCLUDE_SOURCE;
				MTL_FAST_MATH = YES;
				ONLY_ACTIVE_ARCH = YES;
				SDKROOT = iphoneos;
				SWIFT_ACTIVE_COMPILATION_CONDITIONS = DEBUG;
				SWIFT_OPTIMIZATION_LEVEL = "-Onone";
			};
			name = Debug;
		};
		1AF3484C216B821100497525 /* Release */ = {
			isa = XCBuildConfiguration;
			buildSettings = {
				ALWAYS_SEARCH_USER_PATHS = NO;
				CLANG_ANALYZER_NONNULL = YES;
				CLANG_ANALYZER_NUMBER_OBJECT_CONVERSION = YES_AGGRESSIVE;
				CLANG_CXX_LANGUAGE_STANDARD = "gnu++14";
				CLANG_CXX_LIBRARY = "libc++";
				CLANG_ENABLE_MODULES = YES;
				CLANG_ENABLE_OBJC_ARC = YES;
				CLANG_ENABLE_OBJC_WEAK = YES;
				CLANG_WARN_BLOCK_CAPTURE_AUTORELEASING = YES;
				CLANG_WARN_BOOL_CONVERSION = YES;
				CLANG_WARN_COMMA = YES;
				CLANG_WARN_CONSTANT_CONVERSION = YES;
				CLANG_WARN_DEPRECATED_OBJC_IMPLEMENTATIONS = YES;
				CLANG_WARN_DIRECT_OBJC_ISA_USAGE = YES_ERROR;
				CLANG_WARN_DOCUMENTATION_COMMENTS = YES;
				CLANG_WARN_EMPTY_BODY = YES;
				CLANG_WARN_ENUM_CONVERSION = YES;
				CLANG_WARN_INFINITE_RECURSION = YES;
				CLANG_WARN_INT_CONVERSION = YES;
				CLANG_WARN_NON_LITERAL_NULL_CONVERSION = YES;
				CLANG_WARN_OBJC_IMPLICIT_RETAIN_SELF = YES;
				CLANG_WARN_OBJC_LITERAL_CONVERSION = YES;
				CLANG_WARN_OBJC_ROOT_CLASS = YES_ERROR;
				CLANG_WARN_RANGE_LOOP_ANALYSIS = YES;
				CLANG_WARN_STRICT_PROTOTYPES = YES;
				CLANG_WARN_SUSPICIOUS_MOVE = YES;
				CLANG_WARN_UNGUARDED_AVAILABILITY = YES_AGGRESSIVE;
				CLANG_WARN_UNREACHABLE_CODE = YES;
				CLANG_WARN__DUPLICATE_METHOD_MATCH = YES;
				CODE_SIGN_IDENTITY = "iPhone Developer";
				COPY_PHASE_STRIP = NO;
				DEBUG_INFORMATION_FORMAT = "dwarf-with-dsym";
				ENABLE_NS_ASSERTIONS = NO;
				ENABLE_STRICT_OBJC_MSGSEND = YES;
				GCC_C_LANGUAGE_STANDARD = gnu11;
				GCC_NO_COMMON_BLOCKS = YES;
				GCC_WARN_64_TO_32_BIT_CONVERSION = YES;
				GCC_WARN_ABOUT_RETURN_TYPE = YES_ERROR;
				GCC_WARN_UNDECLARED_SELECTOR = YES;
				GCC_WARN_UNINITIALIZED_AUTOS = YES_AGGRESSIVE;
				GCC_WARN_UNUSED_FUNCTION = YES;
				GCC_WARN_UNUSED_VARIABLE = YES;
				IPHONEOS_DEPLOYMENT_TARGET = 12.0;
				MTL_ENABLE_DEBUG_INFO = NO;
				MTL_FAST_MATH = YES;
				SDKROOT = iphoneos;
				SWIFT_COMPILATION_MODE = wholemodule;
				SWIFT_OPTIMIZATION_LEVEL = "-O";
				VALIDATE_PRODUCT = YES;
			};
			name = Release;
		};
		1AF3484E216B821100497525 /* Debug */ = {
			isa = XCBuildConfiguration;
			buildSettings = {
				ASSETCATALOG_COMPILER_APPICON_NAME = AppIcon;
				CODE_SIGN_STYLE = Automatic;
				DEVELOPMENT_TEAM = H5762RAVC8;
				INFOPLIST_FILE = TryNotification/Info.plist;
				LD_RUNPATH_SEARCH_PATHS = (
					"$(inherited)",
					"@executable_path/Frameworks",
				);
				PRODUCT_BUNDLE_IDENTIFIER = com.alcides.TryNotification;
				PRODUCT_NAME = "$(TARGET_NAME)";
				SWIFT_VERSION = 4.2;
				TARGETED_DEVICE_FAMILY = "1,2";
			};
			name = Debug;
		};
		1AF3484F216B821100497525 /* Release */ = {
			isa = XCBuildConfiguration;
			buildSettings = {
				ASSETCATALOG_COMPILER_APPICON_NAME = AppIcon;
				CODE_SIGN_STYLE = Automatic;
				DEVELOPMENT_TEAM = H5762RAVC8;
				INFOPLIST_FILE = TryNotification/Info.plist;
				LD_RUNPATH_SEARCH_PATHS = (
					"$(inherited)",
					"@executable_path/Frameworks",
				);
				PRODUCT_BUNDLE_IDENTIFIER = com.alcides.TryNotification;
				PRODUCT_NAME = "$(TARGET_NAME)";
				SWIFT_VERSION = 4.2;
				TARGETED_DEVICE_FAMILY = "1,2";
			};
			name = Release;
		};
		1AF34851216B821100497525 /* Debug */ = {
			isa = XCBuildConfiguration;
			buildSettings = {
				ALWAYS_EMBED_SWIFT_STANDARD_LIBRARIES = YES;
				BUNDLE_LOADER = "$(TEST_HOST)";
				CODE_SIGN_STYLE = Automatic;
				DEVELOPMENT_TEAM = H5762RAVC8;
				INFOPLIST_FILE = TryNotificationTests/Info.plist;
				LD_RUNPATH_SEARCH_PATHS = (
					"$(inherited)",
					"@executable_path/Frameworks",
					"@loader_path/Frameworks",
				);
				PRODUCT_BUNDLE_IDENTIFIER = com.alcides.TryNotificationTests;
				PRODUCT_NAME = "$(TARGET_NAME)";
				SWIFT_VERSION = 4.2;
				TARGETED_DEVICE_FAMILY = "1,2";
				TEST_HOST = "$(BUILT_PRODUCTS_DIR)/TryNotification.app/TryNotification";
			};
			name = Debug;
		};
		1AF34852216B821100497525 /* Release */ = {
			isa = XCBuildConfiguration;
			buildSettings = {
				ALWAYS_EMBED_SWIFT_STANDARD_LIBRARIES = YES;
				BUNDLE_LOADER = "$(TEST_HOST)";
				CODE_SIGN_STYLE = Automatic;
				DEVELOPMENT_TEAM = H5762RAVC8;
				INFOPLIST_FILE = TryNotificationTests/Info.plist;
				LD_RUNPATH_SEARCH_PATHS = (
					"$(inherited)",
					"@executable_path/Frameworks",
					"@loader_path/Frameworks",
				);
				PRODUCT_BUNDLE_IDENTIFIER = com.alcides.TryNotificationTests;
				PRODUCT_NAME = "$(TARGET_NAME)";
				SWIFT_VERSION = 4.2;
				TARGETED_DEVICE_FAMILY = "1,2";
				TEST_HOST = "$(BUILT_PRODUCTS_DIR)/TryNotification.app/TryNotification";
			};
			name = Release;
		};
		1AF34854216B821100497525 /* Debug */ = {
			isa = XCBuildConfiguration;
			buildSettings = {
				ALWAYS_EMBED_SWIFT_STANDARD_LIBRARIES = YES;
				CODE_SIGN_STYLE = Automatic;
				DEVELOPMENT_TEAM = H5762RAVC8;
				INFOPLIST_FILE = TryNotificationUITests/Info.plist;
				LD_RUNPATH_SEARCH_PATHS = (
					"$(inherited)",
					"@executable_path/Frameworks",
					"@loader_path/Frameworks",
				);
				PRODUCT_BUNDLE_IDENTIFIER = com.alcides.TryNotificationUITests;
				PRODUCT_NAME = "$(TARGET_NAME)";
				SWIFT_VERSION = 4.2;
				TARGETED_DEVICE_FAMILY = "1,2";
				TEST_TARGET_NAME = TryNotification;
			};
			name = Debug;
		};
		1AF34855216B821100497525 /* Release */ = {
			isa = XCBuildConfiguration;
			buildSettings = {
				ALWAYS_EMBED_SWIFT_STANDARD_LIBRARIES = YES;
				CODE_SIGN_STYLE = Automatic;
				DEVELOPMENT_TEAM = H5762RAVC8;
				INFOPLIST_FILE = TryNotificationUITests/Info.plist;
				LD_RUNPATH_SEARCH_PATHS = (
					"$(inherited)",
					"@executable_path/Frameworks",
					"@loader_path/Frameworks",
				);
				PRODUCT_BUNDLE_IDENTIFIER = com.alcides.TryNotificationUITests;
				PRODUCT_NAME = "$(TARGET_NAME)";
				SWIFT_VERSION = 4.2;
				TARGETED_DEVICE_FAMILY = "1,2";
				TEST_TARGET_NAME = TryNotification;
			};
			name = Release;
		};
/* End XCBuildConfiguration section */

/* Begin XCConfigurationList section */
		1AF3481D216B821000497525 /* Build configuration list for PBXProject "TryNotification" */ = {
			isa = XCConfigurationList;
			buildConfigurations = (
				1AF3484B216B821100497525 /* Debug */,
				1AF3484C216B821100497525 /* Release */,
			);
			defaultConfigurationIsVisible = 0;
			defaultConfigurationName = Release;
		};
		1AF3484D216B821100497525 /* Build configuration list for PBXNativeTarget "TryNotification" */ = {
			isa = XCConfigurationList;
			buildConfigurations = (
				1AF3484E216B821100497525 /* Debug */,
				1AF3484F216B821100497525 /* Release */,
			);
			defaultConfigurationIsVisible = 0;
			defaultConfigurationName = Release;
		};
		1AF34850216B821100497525 /* Build configuration list for PBXNativeTarget "TryNotificationTests" */ = {
			isa = XCConfigurationList;
			buildConfigurations = (
				1AF34851216B821100497525 /* Debug */,
				1AF34852216B821100497525 /* Release */,
			);
			defaultConfigurationIsVisible = 0;
			defaultConfigurationName = Release;
		};
		1AF34853216B821100497525 /* Build configuration list for PBXNativeTarget "TryNotificationUITests" */ = {
			isa = XCConfigurationList;
			buildConfigurations = (
				1AF34854216B821100497525 /* Debug */,
				1AF34855216B821100497525 /* Release */,
			);
			defaultConfigurationIsVisible = 0;
			defaultConfigurationName = Release;
		};
/* End XCConfigurationList section */

/* Begin XCVersionGroup section */
		1AF3482C216B821000497525 /* TryNotification.xcdatamodeld */ = {
			isa = XCVersionGroup;
			children = (
				1AF3482D216B821000497525 /* TryNotification.xcdatamodel */,
			);
			currentVersion = 1AF3482D216B821000497525 /* TryNotification.xcdatamodel */;
			path = TryNotification.xcdatamodeld;
			sourceTree = "<group>";
			versionGroupType = wrapper.xcdatamodel;
		};
/* End XCVersionGroup section */
	};
	rootObject = 1AF3481A216B821000497525 /* Project object */;
}
